{
    "name": "paqjs-examples",
    "lockfileVersion": 2,
    "requires": true,
    "packages": {
        "": {
            "name": "paqjs-examples",
            "dependencies": {
                "paqjs": "file:.."
            }
        },
        "..": {
            "version": "1.3.3",
            "license": "MIT",
            "devDependencies": {
                "@napi-rs/cli": "^2.18.0"
            },
            "engines": {
                "node": ">= 10"
            }
        },
        "node_modules/paqjs": {
            "resolved": "..",
            "link": true
        }
    },
    "dependencies": {
        "paqjs": {
            "version": "file:..",
            "requires": {
                "@napi-rs/cli": "^2.18.0"
            }
        }
    }
}
