{
    "name": "paqjs-examples",
    "lockfileVersion": 2,
    "requires": true,
    "packages": {
        "": {
            "name": "paqjs-examples",
            "dependencies": {
                "@paqjs/core": "file:.."
            }
        },
        "..": {
            "version": "1.4.1",
            "license": "MIT",
            "devDependencies": {
                "@napi-rs/cli": "^3.4.1"
            },
            "engines": {
                "node": ">= 20"
            },
            "optionalDependencies": {
                "@paqjs/core-darwin-arm64": "1.4.1",
                "@paqjs/core-darwin-x64": "1.4.1",
                "@paqjs/core-linux-ia32-gnu": "1.4.1",
                "@paqjs/core-linux-x64-gnu": "1.4.1",
                "@paqjs/core-win32-ia32-msvc": "1.4.1",
                "@paqjs/core-win32-x64-msvc": "1.4.1"
            }
        },
        "node_modules/@paqjs/core": {
            "resolved": "..",
            "link": true
        }
    },
    "dependencies": {
        "@paqjs/core": {
            "version": "file:..",
            "requires": {
                "@napi-rs/cli": "^3.4.1",
                "@paqjs/core-darwin-arm64": "1.4.1",
                "@paqjs/core-darwin-x64": "1.4.1",
                "@paqjs/core-linux-ia32-gnu": "1.4.1",
                "@paqjs/core-linux-x64-gnu": "1.4.1",
                "@paqjs/core-win32-ia32-msvc": "1.4.1",
                "@paqjs/core-win32-x64-msvc": "1.4.1"
            }
        }
    }
}
